
Microsoft Visual Studio Solution File, Format Version 12.00
# Visual Studio 15
VisualStudioVersion = 15.0.27703.2042
MinimumVisualStudioVersion = 10.0.40219.1
Project("{FAE04EC0-301F-11D3-BF4B-00C04F79EFBC}") = "JLCCopyReportAPI", "JLCCopyReportAPI\JLCCopyReportAPI.csproj", "{B38A43DC-BBF7-45D1-A1D9-51ABDC09E1D2}"
EndProject
Project("{FAE04EC0-301F-11D3-BF4B-00C04F79EFBC}") = "JLCCopyReportService", "JLCCopyReportService\JLCCopyReportService.csproj", "{D056EF82-0012-454A-B156-799E5F02A3B8}"
EndProject
Project("{9092AA53-FB77-4645-B42D-1CCCA6BD08BD}") = "JLCCopyReportUI", "JLCCopyReportUI\JLCCopyReportUI.njsproj", "{B097D372-4B26-4DB6-BBF8-324AD41D20D6}"
EndProject
Project("{9092AA53-FB77-4645-B42D-1CCCA6BD08BD}") = "jlc-copy-react-app", "jlc-copy-react-app\jlc-copy-react-app.njsproj", "{BFCA9886-7C8B-49E5-B657-582AAABA72B3}"
EndProject
Global
	GlobalSection(SolutionConfigurationPlatforms) = preSolution
		Debug|Any CPU = Debug|Any CPU
		Release|Any CPU = Release|Any CPU
	EndGlobalSection
	GlobalSection(ProjectConfigurationPlatforms) = postSolution
		{B38A43DC-BBF7-45D1-A1D9-51ABDC09E1D2}.Debug|Any CPU.ActiveCfg = Debug|Any CPU
		{B38A43DC-BBF7-45D1-A1D9-51ABDC09E1D2}.Debug|Any CPU.Build.0 = Debug|Any CPU
		{B38A43DC-BBF7-45D1-A1D9-51ABDC09E1D2}.Release|Any CPU.ActiveCfg = Release|Any CPU
		{B38A43DC-BBF7-45D1-A1D9-51ABDC09E1D2}.Release|Any CPU.Build.0 = Release|Any CPU
		{D056EF82-0012-454A-B156-799E5F02A3B8}.Debug|Any CPU.ActiveCfg = Debug|Any CPU
		{D056EF82-0012-454A-B156-799E5F02A3B8}.Debug|Any CPU.Build.0 = Debug|Any CPU
		{D056EF82-0012-454A-B156-799E5F02A3B8}.Release|Any CPU.ActiveCfg = Release|Any CPU
		{D056EF82-0012-454A-B156-799E5F02A3B8}.Release|Any CPU.Build.0 = Release|Any CPU
		{B097D372-4B26-4DB6-BBF8-324AD41D20D6}.Debug|Any CPU.ActiveCfg = Debug|Any CPU
		{B097D372-4B26-4DB6-BBF8-324AD41D20D6}.Debug|Any CPU.Build.0 = Debug|Any CPU
		{B097D372-4B26-4DB6-BBF8-324AD41D20D6}.Release|Any CPU.ActiveCfg = Release|Any CPU
		{B097D372-4B26-4DB6-BBF8-324AD41D20D6}.Release|Any CPU.Build.0 = Release|Any CPU
		{BFCA9886-7C8B-49E5-B657-582AAABA72B3}.Debug|Any CPU.ActiveCfg = Debug|Any CPU
		{BFCA9886-7C8B-49E5-B657-582AAABA72B3}.Debug|Any CPU.Build.0 = Debug|Any CPU
		{BFCA9886-7C8B-49E5-B657-582AAABA72B3}.Release|Any CPU.ActiveCfg = Release|Any CPU
		{BFCA9886-7C8B-49E5-B657-582AAABA72B3}.Release|Any CPU.Build.0 = Release|Any CPU
	EndGlobalSection
	GlobalSection(SolutionProperties) = preSolution
		HideSolutionNode = FALSE
	EndGlobalSection
	GlobalSection(ExtensibilityGlobals) = postSolution
		SolutionGuid = {9FFC3338-7E2A-493A-B406-5307C6BAA50A}
	EndGlobalSection
EndGlobal
