
Microsoft Visual Studio Solution File, Format Version 12.00
# Visual Studio 15
VisualStudioVersion = 15.0.27703.2042
MinimumVisualStudioVersion = 10.0.40219.1
Project("{FAE04EC0-301F-11D3-BF4B-00C04F79EFBC}") = "JLCCopyReportAPI", "JLCCopyReportAPI\JLCCopyReportAPI.csproj", "{B38A43DC-BBF7-45D1-A1D9-51ABDC09E1D2}"
EndProject
Global
	GlobalSection(SolutionConfigurationPlatforms) = preSolution
		Debug|Any CPU = Debug|Any CPU
		Release|Any CPU = Release|Any CPU
	EndGlobalSection
	GlobalSection(ProjectConfigurationPlatforms) = postSolution
		{B38A43DC-BBF7-45D1-A1D9-51ABDC09E1D2}.Debug|Any CPU.ActiveCfg = Debug|Any CPU
		{B38A43DC-BBF7-45D1-A1D9-51ABDC09E1D2}.Debug|Any CPU.Build.0 = Debug|Any CPU
		{B38A43DC-BBF7-45D1-A1D9-51ABDC09E1D2}.Release|Any CPU.ActiveCfg = Release|Any CPU
		{B38A43DC-BBF7-45D1-A1D9-51ABDC09E1D2}.Release|Any CPU.Build.0 = Release|Any CPU
	EndGlobalSection
	GlobalSection(SolutionProperties) = preSolution
		HideSolutionNode = FALSE
	EndGlobalSection
	GlobalSection(ExtensibilityGlobals) = postSolution
		SolutionGuid = {9FFC3338-7E2A-493A-B406-5307C6BAA50A}
	EndGlobalSection
EndGlobal
